<?xml version="1.0" encoding="utf-8"?>
<Project ToolsVersion="4.0" xmlns="http://schemas.microsoft.com/developer/msbuild/2003">
  <ItemGroup>
    <Filter Include="ソース ファイル">
      <UniqueIdentifier>{4FC737F1-C7A5-4376-A066-2A32D752A2FF}</UniqueIdentifier>
      <Extensions>cpp;c;cc;cxx;def;odl;idl;hpj;bat;asm;asmx</Extensions>
    </Filter>
    <Filter Include="ヘッダー ファイル">
      <UniqueIdentifier>{93995380-89BD-4b04-88EB-625FBE52EBFB}</UniqueIdentifier>
      <Extensions>h;hpp;hxx;hm;inl;inc;xsd</Extensions>
    </Filter>
    <Filter Include="リソース ファイル">
      <UniqueIdentifier>{67DA6AB6-F800-4c08-8B7A-83BB121AAD01}</UniqueIdentifier>
      <Extensions>rc;ico;cur;bmp;dlg;rc2;rct;bin;rgs;gif;jpg;jpeg;jpe;resx;tiff;tif;png;wav;mfcribbon-ms</Extensions>
    </Filter>
    <Filter Include="swnLibrary">
      <UniqueIdentifier>{ec54bda4-0b71-435c-8857-2f7ca33c1c49}</UniqueIdentifier>
    </Filter>
    <Filter Include="swnLibrary\FileAction">
      <UniqueIdentifier>{b1ff15b7-5548-4a09-95d1-e9591573bc8e}</UniqueIdentifier>
    </Filter>
    <Filter Include="swnLibrary\StringAction">
      <UniqueIdentifier>{cfeba38f-eb20-4b89-a06f-22dad746ca9e}</UniqueIdentifier>
    </Filter>
    <Filter Include="swnLibrary\WebColor">
      <UniqueIdentifier>{014381bf-50c2-4ac6-ad71-f9e18cad2e1d}</UniqueIdentifier>
    </Filter>
    <Filter Include="swnLibrary\Socket">
      <UniqueIdentifier>{55fc8ba0-cafe-4874-bea4-56a7316e6f82}</UniqueIdentifier>
    </Filter>
    <Filter Include="swnLibrary\Socket\Client">
      <UniqueIdentifier>{1b388c62-c974-461a-a677-6e8596fdea6d}</UniqueIdentifier>
    </Filter>
    <Filter Include="swnLibrary\Socket\Server">
      <UniqueIdentifier>{b4c8a40a-9fa9-4361-9f01-e5e0c37e24ed}</UniqueIdentifier>
    </Filter>
  </ItemGroup>
  <ItemGroup>
    <ClCompile Include="WinMain.cpp">
      <Filter>ソース ファイル</Filter>
    </ClCompile>
    <ClCompile Include="GameApp.cpp">
      <Filter>ソース ファイル</Filter>
    </ClCompile>
    <ClCompile Include="..\Library\FileAction\FileAction.cpp">
      <Filter>swnLibrary\FileAction</Filter>
    </ClCompile>
    <ClCompile Include="..\Library\StringAction\StringAction.cpp">
      <Filter>swnLibrary\StringAction</Filter>
    </ClCompile>
    <ClCompile Include="..\Library\Socket\Socket.cpp">
      <Filter>swnLibrary\Socket</Filter>
    </ClCompile>
    <ClCompile Include="..\Library\Socket\Client\Client.cpp">
      <Filter>swnLibrary\Socket\Client</Filter>
    </ClCompile>
    <ClCompile Include="..\Library\Socket\Server\Server.cpp">
      <Filter>swnLibrary\Socket\Server</Filter>
    </ClCompile>
  </ItemGroup>
  <ItemGroup>
    <ClInclude Include="GameApp.h">
      <Filter>ヘッダー ファイル</Filter>
    </ClInclude>
    <ClInclude Include="..\Library\swnLibrary.h">
      <Filter>swnLibrary</Filter>
    </ClInclude>
    <ClInclude Include="..\Library\FileAction\FileAction.h">
      <Filter>swnLibrary\FileAction</Filter>
    </ClInclude>
    <ClInclude Include="..\Library\FileAction\json.hpp">
      <Filter>swnLibrary\FileAction</Filter>
    </ClInclude>
    <ClInclude Include="..\Library\StringAction\StringAction.h">
      <Filter>swnLibrary\StringAction</Filter>
    </ClInclude>
    <ClInclude Include="..\Library\WebColor\WebColor.h">
      <Filter>swnLibrary\WebColor</Filter>
    </ClInclude>
    <ClInclude Include="..\Library\Socket\Socket.h">
      <Filter>swnLibrary\Socket</Filter>
    </ClInclude>
    <ClInclude Include="..\Library\Socket\Client\Client.h">
      <Filter>swnLibrary\Socket\Client</Filter>
    </ClInclude>
    <ClInclude Include="..\Library\Socket\Server\Server.h">
      <Filter>swnLibrary\Socket\Server</Filter>
    </ClInclude>
  </ItemGroup>
  <ItemGroup>
    <ResourceCompile Include="Version.rc">
      <Filter>リソース ファイル</Filter>
    </ResourceCompile>
  </ItemGroup>
</Project>